{
  "pins" : [
    {
      "identity" : "alamofire",
      "kind" : "remoteSourceControl",
      "location" : "https://github.com/Alamofire/Alamofire.git",
      "state" : {
        "revision" : "b2fa556e4e48cbf06cf8c63def138c98f4b811fa",
        "version" : "5.8.0"
      }
    },
    {
      "identity" : "lottie-spm",
      "kind" : "remoteSourceControl",
      "location" : "https://github.com/airbnb/lottie-spm.git",
      "state" : {
        "revision" : "2ae19d3c4f1603b45e551e6bebf02f523ca22a2e",
        "version" : "4.3.0"
      }
    },
    {
      "identity" : "nuke",
      "kind" : "remoteSourceControl",
      "location" : "https://github.com/kean/Nuke.git",
      "state" : {
        "revision" : "33f7e93be5d4ec027d42af77a8ec4680d1862ad2",
        "version" : "11.6.4"
      }
    },
    {
      "identity" : "phonenumberkit",
      "kind" : "remoteSourceControl",
      "location" : "https://github.com/marmelroy/PhoneNumberKit",
      "state" : {
        "revision" : "1e984b63edf82133d390db4873b3915fc837e8bd",
        "version" : "3.6.8"
      }
    },
    {
      "identity" : "swiftextensionbytribq",
      "kind" : "remoteSourceControl",
      "location" : "https://github.com/mandela02/SwiftExtensionByTriBQ",
      "state" : {
        "revision" : "b5c3e7641aa7f5c5cf15660c1e48191e323adeba",
        "version" : "2.2.2"
      }
    }
  ],
  "version" : 2
}
