// !$*UTF8*$!
{
	archiveVersion = 1;
	classes = {
	};
	objectVersion = 56;
	objects = {

/* Begin PBXBuildFile section */
		904D9B1C2ABBED0800208FBB /* Domain.h in Headers */ = {isa = PBXBuildFile; fileRef = 904D9B1B2ABBED0800208FBB /* Domain.h */; settings = {ATTRIBUTES = (Public, ); }; };
		904D9B2D2ABBF66200208FBB /* DatabasePlatform.framework in Frameworks */ = {isa = PBXBuildFile; fileRef = 904D9B2B2ABBF66200208FBB /* DatabasePlatform.framework */; };
		904D9B2F2ABBF66200208FBB /* NetworkPlatform.framework in Frameworks */ = {isa = PBXBuildFile; fileRef = 904D9B2C2ABBF66200208FBB /* NetworkPlatform.framework */; };
		904D9B342ABBF67700208FBB /* Pokemon.swift in Sources */ = {isa = PBXBuildFile; fileRef = 904D9B332ABBF67700208FBB /* Pokemon.swift */; };
		904D9B3F2ABBFCD700208FBB /* GetPokemonsUseCase.swift in Sources */ = {isa = PBXBuildFile; fileRef = 904D9B3E2ABBFCD700208FBB /* GetPokemonsUseCase.swift */; };
		904D9B422ABBFD5900208FBB /* UseCaseProtocol.swift in Sources */ = {isa = PBXBuildFile; fileRef = 904D9B412ABBFD5900208FBB /* UseCaseProtocol.swift */; };
		904D9B472ABC113500208FBB /* ModelContainer+Extension.swift in Sources */ = {isa = PBXBuildFile; fileRef = 904D9B462ABC113500208FBB /* ModelContainer+Extension.swift */; };
/* End PBXBuildFile section */

/* Begin PBXFileReference section */
		904D9B182ABBED0800208FBB /* Domain.framework */ = {isa = PBXFileReference; explicitFileType = wrapper.framework; includeInIndex = 0; path = Domain.framework; sourceTree = BUILT_PRODUCTS_DIR; };
		904D9B1B2ABBED0800208FBB /* Domain.h */ = {isa = PBXFileReference; lastKnownFileType = sourcecode.c.h; path = Domain.h; sourceTree = "<group>"; };
		904D9B2B2ABBF66200208FBB /* DatabasePlatform.framework */ = {isa = PBXFileReference; explicitFileType = wrapper.framework; path = DatabasePlatform.framework; sourceTree = BUILT_PRODUCTS_DIR; };
		904D9B2C2ABBF66200208FBB /* NetworkPlatform.framework */ = {isa = PBXFileReference; explicitFileType = wrapper.framework; path = NetworkPlatform.framework; sourceTree = BUILT_PRODUCTS_DIR; };
		904D9B332ABBF67700208FBB /* Pokemon.swift */ = {isa = PBXFileReference; lastKnownFileType = sourcecode.swift; path = Pokemon.swift; sourceTree = "<group>"; };
		904D9B3E2ABBFCD700208FBB /* GetPokemonsUseCase.swift */ = {isa = PBXFileReference; lastKnownFileType = sourcecode.swift; path = GetPokemonsUseCase.swift; sourceTree = "<group>"; };
		904D9B412ABBFD5900208FBB /* UseCaseProtocol.swift */ = {isa = PBXFileReference; lastKnownFileType = sourcecode.swift; path = UseCaseProtocol.swift; sourceTree = "<group>"; };
		904D9B462ABC113500208FBB /* ModelContainer+Extension.swift */ = {isa = PBXFileReference; lastKnownFileType = sourcecode.swift; path = "ModelContainer+Extension.swift"; sourceTree = "<group>"; };
/* End PBXFileReference section */

/* Begin PBXFrameworksBuildPhase section */
		904D9B152ABBED0800208FBB /* Frameworks */ = {
			isa = PBXFrameworksBuildPhase;
			buildActionMask = 2147483647;
			files = (
				904D9B2F2ABBF66200208FBB /* NetworkPlatform.framework in Frameworks */,
				904D9B2D2ABBF66200208FBB /* DatabasePlatform.framework in Frameworks */,
			);
			runOnlyForDeploymentPostprocessing = 0;
		};
/* End PBXFrameworksBuildPhase section */

/* Begin PBXGroup section */
		904D9B0E2ABBED0800208FBB = {
			isa = PBXGroup;
			children = (
				904D9B1A2ABBED0800208FBB /* Domain */,
				904D9B192ABBED0800208FBB /* Products */,
				904D9B2A2ABBF66200208FBB /* Frameworks */,
			);
			sourceTree = "<group>";
		};
		904D9B192ABBED0800208FBB /* Products */ = {
			isa = PBXGroup;
			children = (
				904D9B182ABBED0800208FBB /* Domain.framework */,
			);
			name = Products;
			sourceTree = "<group>";
		};
		904D9B1A2ABBED0800208FBB /* Domain */ = {
			isa = PBXGroup;
			children = (
				904D9B3C2ABBFC6500208FBB /* UseCase */,
				904D9B352ABBF72D00208FBB /* Extension */,
				904D9B322ABBF66E00208FBB /* Mapper */,
				904D9B1B2ABBED0800208FBB /* Domain.h */,
			);
			path = Domain;
			sourceTree = "<group>";
		};
		904D9B2A2ABBF66200208FBB /* Frameworks */ = {
			isa = PBXGroup;
			children = (
				904D9B2B2ABBF66200208FBB /* DatabasePlatform.framework */,
				904D9B2C2ABBF66200208FBB /* NetworkPlatform.framework */,
			);
			name = Frameworks;
			sourceTree = "<group>";
		};
		904D9B322ABBF66E00208FBB /* Mapper */ = {
			isa = PBXGroup;
			children = (
				904D9B332ABBF67700208FBB /* Pokemon.swift */,
			);
			path = Mapper;
			sourceTree = "<group>";
		};
		904D9B352ABBF72D00208FBB /* Extension */ = {
			isa = PBXGroup;
			children = (
				904D9B462ABC113500208FBB /* ModelContainer+Extension.swift */,
			);
			path = Extension;
			sourceTree = "<group>";
		};
		904D9B3C2ABBFC6500208FBB /* UseCase */ = {
			isa = PBXGroup;
			children = (
				904D9B402ABBFD4D00208FBB /* Protocol */,
				904D9B3D2ABBFC7800208FBB /* GET */,
			);
			path = UseCase;
			sourceTree = "<group>";
		};
		904D9B3D2ABBFC7800208FBB /* GET */ = {
			isa = PBXGroup;
			children = (
				904D9B3E2ABBFCD700208FBB /* GetPokemonsUseCase.swift */,
			);
			path = GET;
			sourceTree = "<group>";
		};
		904D9B402ABBFD4D00208FBB /* Protocol */ = {
			isa = PBXGroup;
			children = (
				904D9B412ABBFD5900208FBB /* UseCaseProtocol.swift */,
			);
			path = Protocol;
			sourceTree = "<group>";
		};
/* End PBXGroup section */

/* Begin PBXHeadersBuildPhase section */
		904D9B132ABBED0800208FBB /* Headers */ = {
			isa = PBXHeadersBuildPhase;
			buildActionMask = 2147483647;
			files = (
				904D9B1C2ABBED0800208FBB /* Domain.h in Headers */,
			);
			runOnlyForDeploymentPostprocessing = 0;
		};
/* End PBXHeadersBuildPhase section */

/* Begin PBXNativeTarget section */
		904D9B172ABBED0800208FBB /* Domain */ = {
			isa = PBXNativeTarget;
			buildConfigurationList = 904D9B1F2ABBED0800208FBB /* Build configuration list for PBXNativeTarget "Domain" */;
			buildPhases = (
				904D9B132ABBED0800208FBB /* Headers */,
				904D9B142ABBED0800208FBB /* Sources */,
				904D9B152ABBED0800208FBB /* Frameworks */,
				904D9B162ABBED0800208FBB /* Resources */,
			);
			buildRules = (
			);
			dependencies = (
			);
			name = Domain;
			productName = Domain;
			productReference = 904D9B182ABBED0800208FBB /* Domain.framework */;
			productType = "com.apple.product-type.framework";
		};
/* End PBXNativeTarget section */

/* Begin PBXProject section */
		904D9B0F2ABBED0800208FBB /* Project object */ = {
			isa = PBXProject;
			attributes = {
				BuildIndependentTargetsInParallel = 1;
				LastUpgradeCheck = 1500;
				TargetAttributes = {
					904D9B172ABBED0800208FBB = {
						CreatedOnToolsVersion = 15.0;
						LastSwiftMigration = 1500;
					};
				};
			};
			buildConfigurationList = 904D9B122ABBED0800208FBB /* Build configuration list for PBXProject "Domain" */;
			compatibilityVersion = "Xcode 14.0";
			developmentRegion = en;
			hasScannedForEncodings = 0;
			knownRegions = (
				en,
				Base,
			);
			mainGroup = 904D9B0E2ABBED0800208FBB;
			productRefGroup = 904D9B192ABBED0800208FBB /* Products */;
			projectDirPath = "";
			projectRoot = "";
			targets = (
				904D9B172ABBED0800208FBB /* Domain */,
			);
		};
/* End PBXProject section */

/* Begin PBXResourcesBuildPhase section */
		904D9B162ABBED0800208FBB /* Resources */ = {
			isa = PBXResourcesBuildPhase;
			buildActionMask = 2147483647;
			files = (
			);
			runOnlyForDeploymentPostprocessing = 0;
		};
/* End PBXResourcesBuildPhase section */

/* Begin PBXSourcesBuildPhase section */
		904D9B142ABBED0800208FBB /* Sources */ = {
			isa = PBXSourcesBuildPhase;
			buildActionMask = 2147483647;
			files = (
				904D9B3F2ABBFCD700208FBB /* GetPokemonsUseCase.swift in Sources */,
				904D9B472ABC113500208FBB /* ModelContainer+Extension.swift in Sources */,
				904D9B422ABBFD5900208FBB /* UseCaseProtocol.swift in Sources */,
				904D9B342ABBF67700208FBB /* Pokemon.swift in Sources */,
			);
			runOnlyForDeploymentPostprocessing = 0;
		};
/* End PBXSourcesBuildPhase section */

/* Begin XCBuildConfiguration section */
		904D9B1D2ABBED0800208FBB /* Debug */ = {
			isa = XCBuildConfiguration;
			buildSettings = {
				ALWAYS_SEARCH_USER_PATHS = NO;
				ASSETCATALOG_COMPILER_GENERATE_SWIFT_ASSET_SYMBOL_EXTENSIONS = YES;
				CLANG_ANALYZER_NONNULL = YES;
				CLANG_ANALYZER_NUMBER_OBJECT_CONVERSION = YES_AGGRESSIVE;
				CLANG_CXX_LANGUAGE_STANDARD = "gnu++20";
				CLANG_ENABLE_MODULES = YES;
				CLANG_ENABLE_OBJC_ARC = YES;
				CLANG_ENABLE_OBJC_WEAK = YES;
				CLANG_WARN_BLOCK_CAPTURE_AUTORELEASING = YES;
				CLANG_WARN_BOOL_CONVERSION = YES;
				CLANG_WARN_COMMA = YES;
				CLANG_WARN_CONSTANT_CONVERSION = YES;
				CLANG_WARN_DEPRECATED_OBJC_IMPLEMENTATIONS = YES;
				CLANG_WARN_DIRECT_OBJC_ISA_USAGE = YES_ERROR;
				CLANG_WARN_DOCUMENTATION_COMMENTS = YES;
				CLANG_WARN_EMPTY_BODY = YES;
				CLANG_WARN_ENUM_CONVERSION = YES;
				CLANG_WARN_INFINITE_RECURSION = YES;
				CLANG_WARN_INT_CONVERSION = YES;
				CLANG_WARN_NON_LITERAL_NULL_CONVERSION = YES;
				CLANG_WARN_OBJC_IMPLICIT_RETAIN_SELF = YES;
				CLANG_WARN_OBJC_LITERAL_CONVERSION = YES;
				CLANG_WARN_OBJC_ROOT_CLASS = YES_ERROR;
				CLANG_WARN_QUOTED_INCLUDE_IN_FRAMEWORK_HEADER = YES;
				CLANG_WARN_RANGE_LOOP_ANALYSIS = YES;
				CLANG_WARN_STRICT_PROTOTYPES = YES;
				CLANG_WARN_SUSPICIOUS_MOVE = YES;
				CLANG_WARN_UNGUARDED_AVAILABILITY = YES_AGGRESSIVE;
				CLANG_WARN_UNREACHABLE_CODE = YES;
				CLANG_WARN__DUPLICATE_METHOD_MATCH = YES;
				COPY_PHASE_STRIP = NO;
				CURRENT_PROJECT_VERSION = 1;
				DEBUG_INFORMATION_FORMAT = dwarf;
				ENABLE_STRICT_OBJC_MSGSEND = YES;
				ENABLE_TESTABILITY = YES;
				ENABLE_USER_SCRIPT_SANDBOXING = YES;
				GCC_C_LANGUAGE_STANDARD = gnu17;
				GCC_DYNAMIC_NO_PIC = NO;
				GCC_NO_COMMON_BLOCKS = YES;
				GCC_OPTIMIZATION_LEVEL = 0;
				GCC_PREPROCESSOR_DEFINITIONS = (
					"DEBUG=1",
					"$(inherited)",
				);
				GCC_WARN_64_TO_32_BIT_CONVERSION = YES;
				GCC_WARN_ABOUT_RETURN_TYPE = YES_ERROR;
				GCC_WARN_UNDECLARED_SELECTOR = YES;
				GCC_WARN_UNINITIALIZED_AUTOS = YES_AGGRESSIVE;
				GCC_WARN_UNUSED_FUNCTION = YES;
				GCC_WARN_UNUSED_VARIABLE = YES;
				IPHONEOS_DEPLOYMENT_TARGET = 17.0;
				LOCALIZATION_PREFERS_STRING_CATALOGS = YES;
				MTL_ENABLE_DEBUG_INFO = INCLUDE_SOURCE;
				MTL_FAST_MATH = YES;
				ONLY_ACTIVE_ARCH = YES;
				SDKROOT = iphoneos;
				SWIFT_ACTIVE_COMPILATION_CONDITIONS = "DEBUG $(inherited)";
				SWIFT_OPTIMIZATION_LEVEL = "-Onone";
				VERSIONING_SYSTEM = "apple-generic";
				VERSION_INFO_PREFIX = "";
			};
			name = Debug;
		};
		904D9B1E2ABBED0800208FBB /* Release */ = {
			isa = XCBuildConfiguration;
			buildSettings = {
				ALWAYS_SEARCH_USER_PATHS = NO;
				ASSETCATALOG_COMPILER_GENERATE_SWIFT_ASSET_SYMBOL_EXTENSIONS = YES;
				CLANG_ANALYZER_NONNULL = YES;
				CLANG_ANALYZER_NUMBER_OBJECT_CONVERSION = YES_AGGRESSIVE;
				CLANG_CXX_LANGUAGE_STANDARD = "gnu++20";
				CLANG_ENABLE_MODULES = YES;
				CLANG_ENABLE_OBJC_ARC = YES;
				CLANG_ENABLE_OBJC_WEAK = YES;
				CLANG_WARN_BLOCK_CAPTURE_AUTORELEASING = YES;
				CLANG_WARN_BOOL_CONVERSION = YES;
				CLANG_WARN_COMMA = YES;
				CLANG_WARN_CONSTANT_CONVERSION = YES;
				CLANG_WARN_DEPRECATED_OBJC_IMPLEMENTATIONS = YES;
				CLANG_WARN_DIRECT_OBJC_ISA_USAGE = YES_ERROR;
				CLANG_WARN_DOCUMENTATION_COMMENTS = YES;
				CLANG_WARN_EMPTY_BODY = YES;
				CLANG_WARN_ENUM_CONVERSION = YES;
				CLANG_WARN_INFINITE_RECURSION = YES;
				CLANG_WARN_INT_CONVERSION = YES;
				CLANG_WARN_NON_LITERAL_NULL_CONVERSION = YES;
				CLANG_WARN_OBJC_IMPLICIT_RETAIN_SELF = YES;
				CLANG_WARN_OBJC_LITERAL_CONVERSION = YES;
				CLANG_WARN_OBJC_ROOT_CLASS = YES_ERROR;
				CLANG_WARN_QUOTED_INCLUDE_IN_FRAMEWORK_HEADER = YES;
				CLANG_WARN_RANGE_LOOP_ANALYSIS = YES;
				CLANG_WARN_STRICT_PROTOTYPES = YES;
				CLANG_WARN_SUSPICIOUS_MOVE = YES;
				CLANG_WARN_UNGUARDED_AVAILABILITY = YES_AGGRESSIVE;
				CLANG_WARN_UNREACHABLE_CODE = YES;
				CLANG_WARN__DUPLICATE_METHOD_MATCH = YES;
				COPY_PHASE_STRIP = NO;
				CURRENT_PROJECT_VERSION = 1;
				DEBUG_INFORMATION_FORMAT = "dwarf-with-dsym";
				ENABLE_NS_ASSERTIONS = NO;
				ENABLE_STRICT_OBJC_MSGSEND = YES;
				ENABLE_USER_SCRIPT_SANDBOXING = YES;
				GCC_C_LANGUAGE_STANDARD = gnu17;
				GCC_NO_COMMON_BLOCKS = YES;
				GCC_WARN_64_TO_32_BIT_CONVERSION = YES;
				GCC_WARN_ABOUT_RETURN_TYPE = YES_ERROR;
				GCC_WARN_UNDECLARED_SELECTOR = YES;
				GCC_WARN_UNINITIALIZED_AUTOS = YES_AGGRESSIVE;
				GCC_WARN_UNUSED_FUNCTION = YES;
				GCC_WARN_UNUSED_VARIABLE = YES;
				IPHONEOS_DEPLOYMENT_TARGET = 17.0;
				LOCALIZATION_PREFERS_STRING_CATALOGS = YES;
				MTL_ENABLE_DEBUG_INFO = NO;
				MTL_FAST_MATH = YES;
				SDKROOT = iphoneos;
				SWIFT_COMPILATION_MODE = wholemodule;
				VALIDATE_PRODUCT = YES;
				VERSIONING_SYSTEM = "apple-generic";
				VERSION_INFO_PREFIX = "";
			};
			name = Release;
		};
		904D9B202ABBED0800208FBB /* Debug */ = {
			isa = XCBuildConfiguration;
			buildSettings = {
				CLANG_ENABLE_MODULES = YES;
				CODE_SIGN_STYLE = Automatic;
				CURRENT_PROJECT_VERSION = 1;
				DEFINES_MODULE = YES;
				DEVELOPMENT_TEAM = J243X8N8UC;
				DYLIB_COMPATIBILITY_VERSION = 1;
				DYLIB_CURRENT_VERSION = 1;
				DYLIB_INSTALL_NAME_BASE = "@rpath";
				ENABLE_MODULE_VERIFIER = YES;
				GENERATE_INFOPLIST_FILE = YES;
				INFOPLIST_KEY_NSHumanReadableCopyright = "";
				INSTALL_PATH = "$(LOCAL_LIBRARY_DIR)/Frameworks";
				LD_RUNPATH_SEARCH_PATHS = (
					"$(inherited)",
					"@executable_path/Frameworks",
					"@loader_path/Frameworks",
				);
				MARKETING_VERSION = 1.0;
				MODULE_VERIFIER_SUPPORTED_LANGUAGES = "objective-c objective-c++";
				MODULE_VERIFIER_SUPPORTED_LANGUAGE_STANDARDS = "gnu17 gnu++20";
				PRODUCT_BUNDLE_IDENTIFIER = com.example.Domain;
				PRODUCT_NAME = "$(TARGET_NAME:c99extidentifier)";
				SKIP_INSTALL = YES;
				SWIFT_EMIT_LOC_STRINGS = YES;
				SWIFT_OPTIMIZATION_LEVEL = "-Onone";
				SWIFT_VERSION = 5.0;
				TARGETED_DEVICE_FAMILY = "1,2";
			};
			name = Debug;
		};
		904D9B212ABBED0800208FBB /* Release */ = {
			isa = XCBuildConfiguration;
			buildSettings = {
				CLANG_ENABLE_MODULES = YES;
				CODE_SIGN_STYLE = Automatic;
				CURRENT_PROJECT_VERSION = 1;
				DEFINES_MODULE = YES;
				DEVELOPMENT_TEAM = J243X8N8UC;
				DYLIB_COMPATIBILITY_VERSION = 1;
				DYLIB_CURRENT_VERSION = 1;
				DYLIB_INSTALL_NAME_BASE = "@rpath";
				ENABLE_MODULE_VERIFIER = YES;
				GENERATE_INFOPLIST_FILE = YES;
				INFOPLIST_KEY_NSHumanReadableCopyright = "";
				INSTALL_PATH = "$(LOCAL_LIBRARY_DIR)/Frameworks";
				LD_RUNPATH_SEARCH_PATHS = (
					"$(inherited)",
					"@executable_path/Frameworks",
					"@loader_path/Frameworks",
				);
				MARKETING_VERSION = 1.0;
				MODULE_VERIFIER_SUPPORTED_LANGUAGES = "objective-c objective-c++";
				MODULE_VERIFIER_SUPPORTED_LANGUAGE_STANDARDS = "gnu17 gnu++20";
				PRODUCT_BUNDLE_IDENTIFIER = com.example.Domain;
				PRODUCT_NAME = "$(TARGET_NAME:c99extidentifier)";
				SKIP_INSTALL = YES;
				SWIFT_EMIT_LOC_STRINGS = YES;
				SWIFT_VERSION = 5.0;
				TARGETED_DEVICE_FAMILY = "1,2";
			};
			name = Release;
		};
/* End XCBuildConfiguration section */

/* Begin XCConfigurationList section */
		904D9B122ABBED0800208FBB /* Build configuration list for PBXProject "Domain" */ = {
			isa = XCConfigurationList;
			buildConfigurations = (
				904D9B1D2ABBED0800208FBB /* Debug */,
				904D9B1E2ABBED0800208FBB /* Release */,
			);
			defaultConfigurationIsVisible = 0;
			defaultConfigurationName = Release;
		};
		904D9B1F2ABBED0800208FBB /* Build configuration list for PBXNativeTarget "Domain" */ = {
			isa = XCConfigurationList;
			buildConfigurations = (
				904D9B202ABBED0800208FBB /* Debug */,
				904D9B212ABBED0800208FBB /* Release */,
			);
			defaultConfigurationIsVisible = 0;
			defaultConfigurationName = Release;
		};
/* End XCConfigurationList section */
	};
	rootObject = 904D9B0F2ABBED0800208FBB /* Project object */;
}
