// !$*UTF8*$!
{
	archiveVersion = 1;
	classes = {
	};
	objectVersion = 56;
	objects = {

/* Begin PBXBuildFile section */
		904D9AD72AB9F6C000208FBB /* PokemonDatasource.swift in Sources */ = {isa = PBXBuildFile; fileRef = 904D9AD62AB9F6C000208FBB /* PokemonDatasource.swift */; };
		904D9ADB2AB9F8C300208FBB /* Pokemon.swift in Sources */ = {isa = PBXBuildFile; fileRef = 904D9ADA2AB9F8C300208FBB /* Pokemon.swift */; };
		904D9ADE2AB9F92600208FBB /* Shared.swift in Sources */ = {isa = PBXBuildFile; fileRef = 904D9ADD2AB9F92600208FBB /* Shared.swift */; };
		904D9B552ABC29B300208FBB /* Common.framework in Frameworks */ = {isa = PBXBuildFile; fileRef = 904D9B542ABC29B300208FBB /* Common.framework */; };
		904D9B562ABC29B300208FBB /* Common.framework in Embed Frameworks */ = {isa = PBXBuildFile; fileRef = 904D9B542ABC29B300208FBB /* Common.framework */; settings = {ATTRIBUTES = (CodeSignOnCopy, RemoveHeadersOnCopy, ); }; };
		905785042AB9F65B00C2F902 /* DatabasePlatform.h in Headers */ = {isa = PBXBuildFile; fileRef = 905785032AB9F65B00C2F902 /* DatabasePlatform.h */; settings = {ATTRIBUTES = (Public, ); }; };
/* End PBXBuildFile section */

/* Begin PBXCopyFilesBuildPhase section */
		904D9B572ABC29B300208FBB /* Embed Frameworks */ = {
			isa = PBXCopyFilesBuildPhase;
			buildActionMask = 2147483647;
			dstPath = "";
			dstSubfolderSpec = 10;
			files = (
				904D9B562ABC29B300208FBB /* Common.framework in Embed Frameworks */,
			);
			name = "Embed Frameworks";
			runOnlyForDeploymentPostprocessing = 0;
		};
/* End PBXCopyFilesBuildPhase section */

/* Begin PBXFileReference section */
		904D9AD62AB9F6C000208FBB /* PokemonDatasource.swift */ = {isa = PBXFileReference; lastKnownFileType = sourcecode.swift; path = PokemonDatasource.swift; sourceTree = "<group>"; };
		904D9ADA2AB9F8C300208FBB /* Pokemon.swift */ = {isa = PBXFileReference; lastKnownFileType = sourcecode.swift; path = Pokemon.swift; sourceTree = "<group>"; };
		904D9ADD2AB9F92600208FBB /* Shared.swift */ = {isa = PBXFileReference; lastKnownFileType = sourcecode.swift; path = Shared.swift; sourceTree = "<group>"; };
		904D9B232ABBF53200208FBB /* NetworkPlatform.framework */ = {isa = PBXFileReference; explicitFileType = wrapper.framework; path = NetworkPlatform.framework; sourceTree = BUILT_PRODUCTS_DIR; };
		904D9B542ABC29B300208FBB /* Common.framework */ = {isa = PBXFileReference; explicitFileType = wrapper.framework; path = Common.framework; sourceTree = BUILT_PRODUCTS_DIR; };
		905785002AB9F65B00C2F902 /* DatabasePlatform.framework */ = {isa = PBXFileReference; explicitFileType = wrapper.framework; includeInIndex = 0; path = DatabasePlatform.framework; sourceTree = BUILT_PRODUCTS_DIR; };
		905785032AB9F65B00C2F902 /* DatabasePlatform.h */ = {isa = PBXFileReference; lastKnownFileType = sourcecode.c.h; path = DatabasePlatform.h; sourceTree = "<group>"; };
/* End PBXFileReference section */

/* Begin PBXFrameworksBuildPhase section */
		905784FD2AB9F65B00C2F902 /* Frameworks */ = {
			isa = PBXFrameworksBuildPhase;
			buildActionMask = 2147483647;
			files = (
				904D9B552ABC29B300208FBB /* Common.framework in Frameworks */,
			);
			runOnlyForDeploymentPostprocessing = 0;
		};
/* End PBXFrameworksBuildPhase section */

/* Begin PBXGroup section */
		904D9AD82AB9F6FD00208FBB /* Model */ = {
			isa = PBXGroup;
			children = (
				904D9ADC2AB9F92000208FBB /* Shared */,
				904D9AD92AB9F8B700208FBB /* Pokemon */,
			);
			path = Model;
			sourceTree = "<group>";
		};
		904D9AD92AB9F8B700208FBB /* Pokemon */ = {
			isa = PBXGroup;
			children = (
				904D9AD62AB9F6C000208FBB /* PokemonDatasource.swift */,
				904D9ADA2AB9F8C300208FBB /* Pokemon.swift */,
			);
			path = Pokemon;
			sourceTree = "<group>";
		};
		904D9ADC2AB9F92000208FBB /* Shared */ = {
			isa = PBXGroup;
			children = (
				904D9ADD2AB9F92600208FBB /* Shared.swift */,
			);
			path = Shared;
			sourceTree = "<group>";
		};
		904D9B222ABBF53200208FBB /* Frameworks */ = {
			isa = PBXGroup;
			children = (
				904D9B542ABC29B300208FBB /* Common.framework */,
				904D9B232ABBF53200208FBB /* NetworkPlatform.framework */,
			);
			name = Frameworks;
			sourceTree = "<group>";
		};
		905784F62AB9F65B00C2F902 = {
			isa = PBXGroup;
			children = (
				905785022AB9F65B00C2F902 /* DatabasePlatform */,
				905785012AB9F65B00C2F902 /* Products */,
				904D9B222ABBF53200208FBB /* Frameworks */,
			);
			sourceTree = "<group>";
		};
		905785012AB9F65B00C2F902 /* Products */ = {
			isa = PBXGroup;
			children = (
				905785002AB9F65B00C2F902 /* DatabasePlatform.framework */,
			);
			name = Products;
			sourceTree = "<group>";
		};
		905785022AB9F65B00C2F902 /* DatabasePlatform */ = {
			isa = PBXGroup;
			children = (
				904D9AD82AB9F6FD00208FBB /* Model */,
				905785032AB9F65B00C2F902 /* DatabasePlatform.h */,
			);
			path = DatabasePlatform;
			sourceTree = "<group>";
		};
/* End PBXGroup section */

/* Begin PBXHeadersBuildPhase section */
		905784FB2AB9F65B00C2F902 /* Headers */ = {
			isa = PBXHeadersBuildPhase;
			buildActionMask = 2147483647;
			files = (
				905785042AB9F65B00C2F902 /* DatabasePlatform.h in Headers */,
			);
			runOnlyForDeploymentPostprocessing = 0;
		};
/* End PBXHeadersBuildPhase section */

/* Begin PBXNativeTarget section */
		905784FF2AB9F65B00C2F902 /* DatabasePlatform */ = {
			isa = PBXNativeTarget;
			buildConfigurationList = 905785072AB9F65B00C2F902 /* Build configuration list for PBXNativeTarget "DatabasePlatform" */;
			buildPhases = (
				905784FB2AB9F65B00C2F902 /* Headers */,
				905784FC2AB9F65B00C2F902 /* Sources */,
				905784FD2AB9F65B00C2F902 /* Frameworks */,
				905784FE2AB9F65B00C2F902 /* Resources */,
				904D9B572ABC29B300208FBB /* Embed Frameworks */,
			);
			buildRules = (
			);
			dependencies = (
			);
			name = DatabasePlatform;
			productName = DatabasePlatform;
			productReference = 905785002AB9F65B00C2F902 /* DatabasePlatform.framework */;
			productType = "com.apple.product-type.framework";
		};
/* End PBXNativeTarget section */

/* Begin PBXProject section */
		905784F72AB9F65B00C2F902 /* Project object */ = {
			isa = PBXProject;
			attributes = {
				BuildIndependentTargetsInParallel = 1;
				LastUpgradeCheck = 1500;
				TargetAttributes = {
					905784FF2AB9F65B00C2F902 = {
						CreatedOnToolsVersion = 15.0;
						LastSwiftMigration = 1500;
					};
				};
			};
			buildConfigurationList = 905784FA2AB9F65B00C2F902 /* Build configuration list for PBXProject "DatabasePlatform" */;
			compatibilityVersion = "Xcode 14.0";
			developmentRegion = en;
			hasScannedForEncodings = 0;
			knownRegions = (
				en,
				Base,
			);
			mainGroup = 905784F62AB9F65B00C2F902;
			productRefGroup = 905785012AB9F65B00C2F902 /* Products */;
			projectDirPath = "";
			projectRoot = "";
			targets = (
				905784FF2AB9F65B00C2F902 /* DatabasePlatform */,
			);
		};
/* End PBXProject section */

/* Begin PBXResourcesBuildPhase section */
		905784FE2AB9F65B00C2F902 /* Resources */ = {
			isa = PBXResourcesBuildPhase;
			buildActionMask = 2147483647;
			files = (
			);
			runOnlyForDeploymentPostprocessing = 0;
		};
/* End PBXResourcesBuildPhase section */

/* Begin PBXSourcesBuildPhase section */
		905784FC2AB9F65B00C2F902 /* Sources */ = {
			isa = PBXSourcesBuildPhase;
			buildActionMask = 2147483647;
			files = (
				904D9ADE2AB9F92600208FBB /* Shared.swift in Sources */,
				904D9AD72AB9F6C000208FBB /* PokemonDatasource.swift in Sources */,
				904D9ADB2AB9F8C300208FBB /* Pokemon.swift in Sources */,
			);
			runOnlyForDeploymentPostprocessing = 0;
		};
/* End PBXSourcesBuildPhase section */

/* Begin XCBuildConfiguration section */
		905785052AB9F65B00C2F902 /* Debug */ = {
			isa = XCBuildConfiguration;
			buildSettings = {
				ALWAYS_SEARCH_USER_PATHS = NO;
				ASSETCATALOG_COMPILER_GENERATE_SWIFT_ASSET_SYMBOL_EXTENSIONS = YES;
				CLANG_ANALYZER_NONNULL = YES;
				CLANG_ANALYZER_NUMBER_OBJECT_CONVERSION = YES_AGGRESSIVE;
				CLANG_CXX_LANGUAGE_STANDARD = "gnu++20";
				CLANG_ENABLE_MODULES = YES;
				CLANG_ENABLE_OBJC_ARC = YES;
				CLANG_ENABLE_OBJC_WEAK = YES;
				CLANG_WARN_BLOCK_CAPTURE_AUTORELEASING = YES;
				CLANG_WARN_BOOL_CONVERSION = YES;
				CLANG_WARN_COMMA = YES;
				CLANG_WARN_CONSTANT_CONVERSION = YES;
				CLANG_WARN_DEPRECATED_OBJC_IMPLEMENTATIONS = YES;
				CLANG_WARN_DIRECT_OBJC_ISA_USAGE = YES_ERROR;
				CLANG_WARN_DOCUMENTATION_COMMENTS = YES;
				CLANG_WARN_EMPTY_BODY = YES;
				CLANG_WARN_ENUM_CONVERSION = YES;
				CLANG_WARN_INFINITE_RECURSION = YES;
				CLANG_WARN_INT_CONVERSION = YES;
				CLANG_WARN_NON_LITERAL_NULL_CONVERSION = YES;
				CLANG_WARN_OBJC_IMPLICIT_RETAIN_SELF = YES;
				CLANG_WARN_OBJC_LITERAL_CONVERSION = YES;
				CLANG_WARN_OBJC_ROOT_CLASS = YES_ERROR;
				CLANG_WARN_QUOTED_INCLUDE_IN_FRAMEWORK_HEADER = YES;
				CLANG_WARN_RANGE_LOOP_ANALYSIS = YES;
				CLANG_WARN_STRICT_PROTOTYPES = YES;
				CLANG_WARN_SUSPICIOUS_MOVE = YES;
				CLANG_WARN_UNGUARDED_AVAILABILITY = YES_AGGRESSIVE;
				CLANG_WARN_UNREACHABLE_CODE = YES;
				CLANG_WARN__DUPLICATE_METHOD_MATCH = YES;
				COPY_PHASE_STRIP = NO;
				CURRENT_PROJECT_VERSION = 1;
				DEBUG_INFORMATION_FORMAT = dwarf;
				ENABLE_STRICT_OBJC_MSGSEND = YES;
				ENABLE_TESTABILITY = YES;
				ENABLE_USER_SCRIPT_SANDBOXING = YES;
				GCC_C_LANGUAGE_STANDARD = gnu17;
				GCC_DYNAMIC_NO_PIC = NO;
				GCC_NO_COMMON_BLOCKS = YES;
				GCC_OPTIMIZATION_LEVEL = 0;
				GCC_PREPROCESSOR_DEFINITIONS = (
					"DEBUG=1",
					"$(inherited)",
				);
				GCC_WARN_64_TO_32_BIT_CONVERSION = YES;
				GCC_WARN_ABOUT_RETURN_TYPE = YES_ERROR;
				GCC_WARN_UNDECLARED_SELECTOR = YES;
				GCC_WARN_UNINITIALIZED_AUTOS = YES_AGGRESSIVE;
				GCC_WARN_UNUSED_FUNCTION = YES;
				GCC_WARN_UNUSED_VARIABLE = YES;
				IPHONEOS_DEPLOYMENT_TARGET = 17.0;
				LOCALIZATION_PREFERS_STRING_CATALOGS = YES;
				MTL_ENABLE_DEBUG_INFO = INCLUDE_SOURCE;
				MTL_FAST_MATH = YES;
				ONLY_ACTIVE_ARCH = YES;
				SDKROOT = iphoneos;
				SWIFT_ACTIVE_COMPILATION_CONDITIONS = "DEBUG $(inherited)";
				SWIFT_OPTIMIZATION_LEVEL = "-Onone";
				VERSIONING_SYSTEM = "apple-generic";
				VERSION_INFO_PREFIX = "";
			};
			name = Debug;
		};
		905785062AB9F65B00C2F902 /* Release */ = {
			isa = XCBuildConfiguration;
			buildSettings = {
				ALWAYS_SEARCH_USER_PATHS = NO;
				ASSETCATALOG_COMPILER_GENERATE_SWIFT_ASSET_SYMBOL_EXTENSIONS = YES;
				CLANG_ANALYZER_NONNULL = YES;
				CLANG_ANALYZER_NUMBER_OBJECT_CONVERSION = YES_AGGRESSIVE;
				CLANG_CXX_LANGUAGE_STANDARD = "gnu++20";
				CLANG_ENABLE_MODULES = YES;
				CLANG_ENABLE_OBJC_ARC = YES;
				CLANG_ENABLE_OBJC_WEAK = YES;
				CLANG_WARN_BLOCK_CAPTURE_AUTORELEASING = YES;
				CLANG_WARN_BOOL_CONVERSION = YES;
				CLANG_WARN_COMMA = YES;
				CLANG_WARN_CONSTANT_CONVERSION = YES;
				CLANG_WARN_DEPRECATED_OBJC_IMPLEMENTATIONS = YES;
				CLANG_WARN_DIRECT_OBJC_ISA_USAGE = YES_ERROR;
				CLANG_WARN_DOCUMENTATION_COMMENTS = YES;
				CLANG_WARN_EMPTY_BODY = YES;
				CLANG_WARN_ENUM_CONVERSION = YES;
				CLANG_WARN_INFINITE_RECURSION = YES;
				CLANG_WARN_INT_CONVERSION = YES;
				CLANG_WARN_NON_LITERAL_NULL_CONVERSION = YES;
				CLANG_WARN_OBJC_IMPLICIT_RETAIN_SELF = YES;
				CLANG_WARN_OBJC_LITERAL_CONVERSION = YES;
				CLANG_WARN_OBJC_ROOT_CLASS = YES_ERROR;
				CLANG_WARN_QUOTED_INCLUDE_IN_FRAMEWORK_HEADER = YES;
				CLANG_WARN_RANGE_LOOP_ANALYSIS = YES;
				CLANG_WARN_STRICT_PROTOTYPES = YES;
				CLANG_WARN_SUSPICIOUS_MOVE = YES;
				CLANG_WARN_UNGUARDED_AVAILABILITY = YES_AGGRESSIVE;
				CLANG_WARN_UNREACHABLE_CODE = YES;
				CLANG_WARN__DUPLICATE_METHOD_MATCH = YES;
				COPY_PHASE_STRIP = NO;
				CURRENT_PROJECT_VERSION = 1;
				DEBUG_INFORMATION_FORMAT = "dwarf-with-dsym";
				ENABLE_NS_ASSERTIONS = NO;
				ENABLE_STRICT_OBJC_MSGSEND = YES;
				ENABLE_USER_SCRIPT_SANDBOXING = YES;
				GCC_C_LANGUAGE_STANDARD = gnu17;
				GCC_NO_COMMON_BLOCKS = YES;
				GCC_WARN_64_TO_32_BIT_CONVERSION = YES;
				GCC_WARN_ABOUT_RETURN_TYPE = YES_ERROR;
				GCC_WARN_UNDECLARED_SELECTOR = YES;
				GCC_WARN_UNINITIALIZED_AUTOS = YES_AGGRESSIVE;
				GCC_WARN_UNUSED_FUNCTION = YES;
				GCC_WARN_UNUSED_VARIABLE = YES;
				IPHONEOS_DEPLOYMENT_TARGET = 17.0;
				LOCALIZATION_PREFERS_STRING_CATALOGS = YES;
				MTL_ENABLE_DEBUG_INFO = NO;
				MTL_FAST_MATH = YES;
				SDKROOT = iphoneos;
				SWIFT_COMPILATION_MODE = wholemodule;
				VALIDATE_PRODUCT = YES;
				VERSIONING_SYSTEM = "apple-generic";
				VERSION_INFO_PREFIX = "";
			};
			name = Release;
		};
		905785082AB9F65B00C2F902 /* Debug */ = {
			isa = XCBuildConfiguration;
			buildSettings = {
				CLANG_ENABLE_MODULES = YES;
				CODE_SIGN_STYLE = Automatic;
				CURRENT_PROJECT_VERSION = 1;
				DEFINES_MODULE = YES;
				DEVELOPMENT_TEAM = J243X8N8UC;
				DYLIB_COMPATIBILITY_VERSION = 1;
				DYLIB_CURRENT_VERSION = 1;
				DYLIB_INSTALL_NAME_BASE = "@rpath";
				ENABLE_MODULE_VERIFIER = YES;
				GENERATE_INFOPLIST_FILE = YES;
				INFOPLIST_KEY_NSHumanReadableCopyright = "";
				INSTALL_PATH = "$(LOCAL_LIBRARY_DIR)/Frameworks";
				LD_RUNPATH_SEARCH_PATHS = (
					"$(inherited)",
					"@executable_path/Frameworks",
					"@loader_path/Frameworks",
				);
				MARKETING_VERSION = 1.0;
				MODULE_VERIFIER_SUPPORTED_LANGUAGES = "objective-c objective-c++";
				MODULE_VERIFIER_SUPPORTED_LANGUAGE_STANDARDS = "gnu17 gnu++20";
				PRODUCT_BUNDLE_IDENTIFIER = com.example.DatabasePlatform;
				PRODUCT_NAME = "$(TARGET_NAME:c99extidentifier)";
				SKIP_INSTALL = YES;
				SWIFT_EMIT_LOC_STRINGS = YES;
				SWIFT_OPTIMIZATION_LEVEL = "-Onone";
				SWIFT_VERSION = 5.0;
				TARGETED_DEVICE_FAMILY = "1,2";
			};
			name = Debug;
		};
		905785092AB9F65B00C2F902 /* Release */ = {
			isa = XCBuildConfiguration;
			buildSettings = {
				CLANG_ENABLE_MODULES = YES;
				CODE_SIGN_STYLE = Automatic;
				CURRENT_PROJECT_VERSION = 1;
				DEFINES_MODULE = YES;
				DEVELOPMENT_TEAM = J243X8N8UC;
				DYLIB_COMPATIBILITY_VERSION = 1;
				DYLIB_CURRENT_VERSION = 1;
				DYLIB_INSTALL_NAME_BASE = "@rpath";
				ENABLE_MODULE_VERIFIER = YES;
				GENERATE_INFOPLIST_FILE = YES;
				INFOPLIST_KEY_NSHumanReadableCopyright = "";
				INSTALL_PATH = "$(LOCAL_LIBRARY_DIR)/Frameworks";
				LD_RUNPATH_SEARCH_PATHS = (
					"$(inherited)",
					"@executable_path/Frameworks",
					"@loader_path/Frameworks",
				);
				MARKETING_VERSION = 1.0;
				MODULE_VERIFIER_SUPPORTED_LANGUAGES = "objective-c objective-c++";
				MODULE_VERIFIER_SUPPORTED_LANGUAGE_STANDARDS = "gnu17 gnu++20";
				PRODUCT_BUNDLE_IDENTIFIER = com.example.DatabasePlatform;
				PRODUCT_NAME = "$(TARGET_NAME:c99extidentifier)";
				SKIP_INSTALL = YES;
				SWIFT_EMIT_LOC_STRINGS = YES;
				SWIFT_VERSION = 5.0;
				TARGETED_DEVICE_FAMILY = "1,2";
			};
			name = Release;
		};
/* End XCBuildConfiguration section */

/* Begin XCConfigurationList section */
		905784FA2AB9F65B00C2F902 /* Build configuration list for PBXProject "DatabasePlatform" */ = {
			isa = XCConfigurationList;
			buildConfigurations = (
				905785052AB9F65B00C2F902 /* Debug */,
				905785062AB9F65B00C2F902 /* Release */,
			);
			defaultConfigurationIsVisible = 0;
			defaultConfigurationName = Release;
		};
		905785072AB9F65B00C2F902 /* Build configuration list for PBXNativeTarget "DatabasePlatform" */ = {
			isa = XCConfigurationList;
			buildConfigurations = (
				905785082AB9F65B00C2F902 /* Debug */,
				905785092AB9F65B00C2F902 /* Release */,
			);
			defaultConfigurationIsVisible = 0;
			defaultConfigurationName = Release;
		};
/* End XCConfigurationList section */
	};
	rootObject = 905784F72AB9F65B00C2F902 /* Project object */;
}
